// !$*UTF8*$!
{
	archiveVersion = 1;
	classes = {
	};
	objectVersion = 46;
	objects = {

/* Begin PBXBuildFile section */
		11B771A81C43387800E343A5 /* main.m in Sources */ = {isa = PBXBuildFile; fileRef = 11B771A71C43387800E343A5 /* main.m */; };
		11B771AB1C43387800E343A5 /* AppDelegate.m in Sources */ = {isa = PBXBuildFile; fileRef = 11B771AA1C43387800E343A5 /* AppDelegate.m */; };
		11B771B31C43387800E343A5 /* Images.xcassets in Resources */ = {isa = PBXBuildFile; fileRef = 11B771B21C43387800E343A5 /* Images.xcassets */; };
		11B771B61C43387800E343A5 /* LaunchScreen.xib in Resources */ = {isa = PBXBuildFile; fileRef = 11B771B41C43387800E343A5 /* LaunchScreen.xib */; };
		11B771C21C43387800E343A5 /* testTests.m in Sources */ = {isa = PBXBuildFile; fileRef = 11B771C11C43387800E343A5 /* testTests.m */; };
		11B771CE1C43395900E343A5 /* TableViewCell.m in Sources */ = {isa = PBXBuildFile; fileRef = 11B771CC1C43395900E343A5 /* TableViewCell.m */; };
		11B771CF1C43395900E343A5 /* TableViewCell.xib in Resources */ = {isa = PBXBuildFile; fileRef = 11B771CD1C43395900E343A5 /* TableViewCell.xib */; };
		11B771D21C4339B100E343A5 /* TableViewController.m in Sources */ = {isa = PBXBuildFile; fileRef = 11B771D11C4339B100E343A5 /* TableViewController.m */; };
/* End PBXBuildFile section */

/* Begin PBXContainerItemProxy section */
		11B771BC1C43387800E343A5 /* PBXContainerItemProxy */ = {
			isa = PBXContainerItemProxy;
			containerPortal = 11B7719A1C43387800E343A5 /* Project object */;
			proxyType = 1;
			remoteGlobalIDString = 11B771A11C43387800E343A5;
			remoteInfo = test;
		};
/* End PBXContainerItemProxy section */

/* Begin PBXFileReference section */
		11B771A21C43387800E343A5 /* test.app */ = {isa = PBXFileReference; explicitFileType = wrapper.application; includeInIndex = 0; path = test.app; sourceTree = BUILT_PRODUCTS_DIR; };
		11B771A61C43387800E343A5 /* Info.plist */ = {isa = PBXFileReference; lastKnownFileType = text.plist.xml; path = Info.plist; sourceTree = "<group>"; };
		11B771A71C43387800E343A5 /* main.m */ = {isa = PBXFileReference; lastKnownFileType = sourcecode.c.objc; path = main.m; sourceTree = "<group>"; };
		11B771A91C43387800E343A5 /* AppDelegate.h */ = {isa = PBXFileReference; lastKnownFileType = sourcecode.c.h; path = AppDelegate.h; sourceTree = "<group>"; };
		11B771AA1C43387800E343A5 /* AppDelegate.m */ = {isa = PBXFileReference; lastKnownFileType = sourcecode.c.objc; path = AppDelegate.m; sourceTree = "<group>"; };
		11B771B21C43387800E343A5 /* Images.xcassets */ = {isa = PBXFileReference; lastKnownFileType = folder.assetcatalog; path = Images.xcassets; sourceTree = "<group>"; };
		11B771B51C43387800E343A5 /* Base */ = {isa = PBXFileReference; lastKnownFileType = file.xib; name = Base; path = Base.lproj/LaunchScreen.xib; sourceTree = "<group>"; };
		11B771BB1C43387800E343A5 /* testTests.xctest */ = {isa = PBXFileReference; explicitFileType = wrapper.cfbundle; includeInIndex = 0; path = testTests.xctest; sourceTree = BUILT_PRODUCTS_DIR; };
		11B771C01C43387800E343A5 /* Info.plist */ = {isa = PBXFileReference; lastKnownFileType = text.plist.xml; path = Info.plist; sourceTree = "<group>"; };
		11B771C11C43387800E343A5 /* testTests.m */ = {isa = PBXFileReference; lastKnownFileType = sourcecode.c.objc; path = testTests.m; sourceTree = "<group>"; };
		11B771CB1C43395900E343A5 /* TableViewCell.h */ = {isa = PBXFileReference; fileEncoding = 4; lastKnownFileType = sourcecode.c.h; path = TableViewCell.h; sourceTree = "<group>"; };
		11B771CC1C43395900E343A5 /* TableViewCell.m */ = {isa = PBXFileReference; fileEncoding = 4; lastKnownFileType = sourcecode.c.objc; path = TableViewCell.m; sourceTree = "<group>"; };
		11B771CD1C43395900E343A5 /* TableViewCell.xib */ = {isa = PBXFileReference; fileEncoding = 4; lastKnownFileType = file.xib; path = TableViewCell.xib; sourceTree = "<group>"; };
		11B771D01C4339B100E343A5 /* TableViewController.h */ = {isa = PBXFileReference; fileEncoding = 4; lastKnownFileType = sourcecode.c.h; path = TableViewController.h; sourceTree = "<group>"; };
		11B771D11C4339B100E343A5 /* TableViewController.m */ = {isa = PBXFileReference; fileEncoding = 4; lastKnownFileType = sourcecode.c.objc; path = TableViewController.m; sourceTree = "<group>"; };
/* End PBXFileReference section */

/* Begin PBXFrameworksBuildPhase section */
		11B7719F1C43387800E343A5 /* Frameworks */ = {
			isa = PBXFrameworksBuildPhase;
			buildActionMask = 2147483647;
			files = (
			);
			runOnlyForDeploymentPostprocessing = 0;
		};
		11B771B81C43387800E343A5 /* Frameworks */ = {
			isa = PBXFrameworksBuildPhase;
			buildActionMask = 2147483647;
			files = (
			);
			runOnlyForDeploymentPostprocessing = 0;
		};
/* End PBXFrameworksBuildPhase section */

/* Begin PBXGroup section */
		11B771991C43387800E343A5 = {
			isa = PBXGroup;
			children = (
				11B771A41C43387800E343A5 /* test */,
				11B771BE1C43387800E343A5 /* testTests */,
				11B771A31C43387800E343A5 /* Products */,
			);
			sourceTree = "<group>";
		};
		11B771A31C43387800E343A5 /* Products */ = {
			isa = PBXGroup;
			children = (
				11B771A21C43387800E343A5 /* test.app */,
				11B771BB1C43387800E343A5 /* testTests.xctest */,
			);
			name = Products;
			sourceTree = "<group>";
		};
		11B771A41C43387800E343A5 /* test */ = {
			isa = PBXGroup;
			children = (
				11B771A91C43387800E343A5 /* AppDelegate.h */,
				11B771AA1C43387800E343A5 /* AppDelegate.m */,
				11B771B21C43387800E343A5 /* Images.xcassets */,
				11B771B41C43387800E343A5 /* LaunchScreen.xib */,
				11B771CB1C43395900E343A5 /* TableViewCell.h */,
				11B771CC1C43395900E343A5 /* TableViewCell.m */,
				11B771CD1C43395900E343A5 /* TableViewCell.xib */,
				11B771D01C4339B100E343A5 /* TableViewController.h */,
				11B771D11C4339B100E343A5 /* TableViewController.m */,
				11B771A51C43387800E343A5 /* Supporting Files */,
			);
			path = test;
			sourceTree = "<group>";
		};
		11B771A51C43387800E343A5 /* Supporting Files */ = {
			isa = PBXGroup;
			children = (
				11B771A61C43387800E343A5 /* Info.plist */,
				11B771A71C43387800E343A5 /* main.m */,
			);
			name = "Supporting Files";
			sourceTree = "<group>";
		};
		11B771BE1C43387800E343A5 /* testTests */ = {
			isa = PBXGroup;
			children = (
				11B771C11C43387800E343A5 /* testTests.m */,
				11B771BF1C43387800E343A5 /* Supporting Files */,
			);
			path = testTests;
			sourceTree = "<group>";
		};
		11B771BF1C43387800E343A5 /* Supporting Files */ = {
			isa = PBXGroup;
			children = (
				11B771C01C43387800E343A5 /* Info.plist */,
			);
			name = "Supporting Files";
			sourceTree = "<group>";
		};
/* End PBXGroup section */

/* Begin PBXNativeTarget section */
		11B771A11C43387800E343A5 /* test */ = {
			isa = PBXNativeTarget;
			buildConfigurationList = 11B771C51C43387800E343A5 /* Build configuration list for PBXNativeTarget "test" */;
			buildPhases = (
				11B7719E1C43387800E343A5 /* Sources */,
				11B7719F1C43387800E343A5 /* Frameworks */,
				11B771A01C43387800E343A5 /* Resources */,
			);
			buildRules = (
			);
			dependencies = (
			);
			name = test;
			productName = test;
			productReference = 11B771A21C43387800E343A5 /* test.app */;
			productType = "com.apple.product-type.application";
		};
		11B771BA1C43387800E343A5 /* testTests */ = {
			isa = PBXNativeTarget;
			buildConfigurationList = 11B771C81C43387800E343A5 /* Build configuration list for PBXNativeTarget "testTests" */;
			buildPhases = (
				11B771B71C43387800E343A5 /* Sources */,
				11B771B81C43387800E343A5 /* Frameworks */,
				11B771B91C43387800E343A5 /* Resources */,
			);
			buildRules = (
			);
			dependencies = (
				11B771BD1C43387800E343A5 /* PBXTargetDependency */,
			);
			name = testTests;
			productName = testTests;
			productReference = 11B771BB1C43387800E343A5 /* testTests.xctest */;
			productType = "com.apple.product-type.bundle.unit-test";
		};
/* End PBXNativeTarget section */

/* Begin PBXProject section */
		11B7719A1C43387800E343A5 /* Project object */ = {
			isa = PBXProject;
			attributes = {
				LastUpgradeCheck = 0640;
				ORGANIZATIONNAME = nishiwodemingtian;
				TargetAttributes = {
					11B771A11C43387800E343A5 = {
						CreatedOnToolsVersion = 6.4;
					};
					11B771BA1C43387800E343A5 = {
						CreatedOnToolsVersion = 6.4;
						TestTargetID = 11B771A11C43387800E343A5;
					};
				};
			};
			buildConfigurationList = 11B7719D1C43387800E343A5 /* Build configuration list for PBXProject "test" */;
			compatibilityVersion = "Xcode 3.2";
			developmentRegion = English;
			hasScannedForEncodings = 0;
			knownRegions = (
				en,
				Base,
			);
			mainGroup = 11B771991C43387800E343A5;
			productRefGroup = 11B771A31C43387800E343A5 /* Products */;
			projectDirPath = "";
			projectRoot = "";
			targets = (
				11B771A11C43387800E343A5 /* test */,
				11B771BA1C43387800E343A5 /* testTests */,
			);
		};
/* End PBXProject section */

/* Begin PBXResourcesBuildPhase section */
		11B771A01C43387800E343A5 /* Resources */ = {
			isa = PBXResourcesBuildPhase;
			buildActionMask = 2147483647;
			files = (
				11B771B61C43387800E343A5 /* LaunchScreen.xib in Resources */,
				11B771CF1C43395900E343A5 /* TableViewCell.xib in Resources */,
				11B771B31C43387800E343A5 /* Images.xcassets in Resources */,
			);
			runOnlyForDeploymentPostprocessing = 0;
		};
		11B771B91C43387800E343A5 /* Resources */ = {
			isa = PBXResourcesBuildPhase;
			buildActionMask = 2147483647;
			files = (
			);
			runOnlyForDeploymentPostprocessing = 0;
		};
/* End PBXResourcesBuildPhase section */

/* Begin PBXSourcesBuildPhase section */
		11B7719E1C43387800E343A5 /* Sources */ = {
			isa = PBXSourcesBuildPhase;
			buildActionMask = 2147483647;
			files = (
				11B771AB1C43387800E343A5 /* AppDelegate.m in Sources */,
				11B771CE1C43395900E343A5 /* TableViewCell.m in Sources */,
				11B771A81C43387800E343A5 /* main.m in Sources */,
				11B771D21C4339B100E343A5 /* TableViewController.m in Sources */,
			);
			runOnlyForDeploymentPostprocessing = 0;
		};
		11B771B71C43387800E343A5 /* Sources */ = {
			isa = PBXSourcesBuildPhase;
			buildActionMask = 2147483647;
			files = (
				11B771C21C43387800E343A5 /* testTests.m in Sources */,
			);
			runOnlyForDeploymentPostprocessing = 0;
		};
/* End PBXSourcesBuildPhase section */

/* Begin PBXTargetDependency section */
		11B771BD1C43387800E343A5 /* PBXTargetDependency */ = {
			isa = PBXTargetDependency;
			target = 11B771A11C43387800E343A5 /* test */;
			targetProxy = 11B771BC1C43387800E343A5 /* PBXContainerItemProxy */;
		};
/* End PBXTargetDependency section */

/* Begin PBXVariantGroup section */
		11B771B41C43387800E343A5 /* LaunchScreen.xib */ = {
			isa = PBXVariantGroup;
			children = (
				11B771B51C43387800E343A5 /* Base */,
			);
			name = LaunchScreen.xib;
			sourceTree = "<group>";
		};
/* End PBXVariantGroup section */

/* Begin XCBuildConfiguration section */
		11B771C31C43387800E343A5 /* Debug */ = {
			isa = XCBuildConfiguration;
			buildSettings = {
				ALWAYS_SEARCH_USER_PATHS = NO;
				CLANG_CXX_LANGUAGE_STANDARD = "gnu++0x";
				CLANG_CXX_LIBRARY = "libc++";
				CLANG_ENABLE_MODULES = YES;
				CLANG_ENABLE_OBJC_ARC = YES;
				CLANG_WARN_BOOL_CONVERSION = YES;
				CLANG_WARN_CONSTANT_CONVERSION = YES;
				CLANG_WARN_DIRECT_OBJC_ISA_USAGE = YES_ERROR;
				CLANG_WARN_EMPTY_BODY = YES;
				CLANG_WARN_ENUM_CONVERSION = YES;
				CLANG_WARN_INT_CONVERSION = YES;
				CLANG_WARN_OBJC_ROOT_CLASS = YES_ERROR;
				CLANG_WARN_UNREACHABLE_CODE = YES;
				CLANG_WARN__DUPLICATE_METHOD_MATCH = YES;
				"CODE_SIGN_IDENTITY[sdk=iphoneos*]" = "iPhone Developer";
				COPY_PHASE_STRIP = NO;
				DEBUG_INFORMATION_FORMAT = "dwarf-with-dsym";
				ENABLE_STRICT_OBJC_MSGSEND = YES;
				GCC_C_LANGUAGE_STANDARD = gnu99;
				GCC_DYNAMIC_NO_PIC = NO;
				GCC_NO_COMMON_BLOCKS = YES;
				GCC_OPTIMIZATION_LEVEL = 0;
				GCC_PREPROCESSOR_DEFINITIONS = (
					"DEBUG=1",
					"$(inherited)",
				);
				GCC_SYMBOLS_PRIVATE_EXTERN = NO;
				GCC_WARN_64_TO_32_BIT_CONVERSION = YES;
				GCC_WARN_ABOUT_RETURN_TYPE = YES_ERROR;
				GCC_WARN_UNDECLARED_SELECTOR = YES;
				GCC_WARN_UNINITIALIZED_AUTOS = YES_AGGRESSIVE;
				GCC_WARN_UNUSED_FUNCTION = YES;
				GCC_WARN_UNUSED_VARIABLE = YES;
				IPHONEOS_DEPLOYMENT_TARGET = 8.4;
				MTL_ENABLE_DEBUG_INFO = YES;
				ONLY_ACTIVE_ARCH = YES;
				SDKROOT = iphoneos;
			};
			name = Debug;
		};
		11B771C41C43387800E343A5 /* Release */ = {
			isa = XCBuildConfiguration;
			buildSettings = {
				ALWAYS_SEARCH_USER_PATHS = NO;
				CLANG_CXX_LANGUAGE_STANDARD = "gnu++0x";
				CLANG_CXX_LIBRARY = "libc++";
				CLANG_ENABLE_MODULES = YES;
				CLANG_ENABLE_OBJC_ARC = YES;
				CLANG_WARN_BOOL_CONVERSION = YES;
				CLANG_WARN_CONSTANT_CONVERSION = YES;
				CLANG_WARN_DIRECT_OBJC_ISA_USAGE = YES_ERROR;
				CLANG_WARN_EMPTY_BODY = YES;
				CLANG_WARN_ENUM_CONVERSION = YES;
				CLANG_WARN_INT_CONVERSION = YES;
				CLANG_WARN_OBJC_ROOT_CLASS = YES_ERROR;
				CLANG_WARN_UNREACHABLE_CODE = YES;
				CLANG_WARN__DUPLICATE_METHOD_MATCH = YES;
				"CODE_SIGN_IDENTITY[sdk=iphoneos*]" = "iPhone Developer";
				COPY_PHASE_STRIP = NO;
				DEBUG_INFORMATION_FORMAT = "dwarf-with-dsym";
				ENABLE_NS_ASSERTIONS = NO;
				ENABLE_STRICT_OBJC_MSGSEND = YES;
				GCC_C_LANGUAGE_STANDARD = gnu99;
				GCC_NO_COMMON_BLOCKS = YES;
				GCC_WARN_64_TO_32_BIT_CONVERSION = YES;
				GCC_WARN_ABOUT_RETURN_TYPE = YES_ERROR;
				GCC_WARN_UNDECLARED_SELECTOR = YES;
				GCC_WARN_UNINITIALIZED_AUTOS = YES_AGGRESSIVE;
				GCC_WARN_UNUSED_FUNCTION = YES;
				GCC_WARN_UNUSED_VARIABLE = YES;
				IPHONEOS_DEPLOYMENT_TARGET = 8.4;
				MTL_ENABLE_DEBUG_INFO = NO;
				SDKROOT = iphoneos;
				VALIDATE_PRODUCT = YES;
			};
			name = Release;
		};
		11B771C61C43387800E343A5 /* Debug */ = {
			isa = XCBuildConfiguration;
			buildSettings = {
				ASSETCATALOG_COMPILER_APPICON_NAME = AppIcon;
				INFOPLIST_FILE = test/Info.plist;
				LD_RUNPATH_SEARCH_PATHS = "$(inherited) @executable_path/Frameworks";
				PRODUCT_NAME = "$(TARGET_NAME)";
			};
			name = Debug;
		};
		11B771C71C43387800E343A5 /* Release */ = {
			isa = XCBuildConfiguration;
			buildSettings = {
				ASSETCATALOG_COMPILER_APPICON_NAME = AppIcon;
				INFOPLIST_FILE = test/Info.plist;
				LD_RUNPATH_SEARCH_PATHS = "$(inherited) @executable_path/Frameworks";
				PRODUCT_NAME = "$(TARGET_NAME)";
			};
			name = Release;
		};
		11B771C91C43387800E343A5 /* Debug */ = {
			isa = XCBuildConfiguration;
			buildSettings = {
				BUNDLE_LOADER = "$(TEST_HOST)";
				FRAMEWORK_SEARCH_PATHS = (
					"$(SDKROOT)/Developer/Library/Frameworks",
					"$(inherited)",
				);
				GCC_PREPROCESSOR_DEFINITIONS = (
					"DEBUG=1",
					"$(inherited)",
				);
				INFOPLIST_FILE = testTests/Info.plist;
				LD_RUNPATH_SEARCH_PATHS = "$(inherited) @executable_path/Frameworks @loader_path/Frameworks";
				PRODUCT_NAME = "$(TARGET_NAME)";
				TEST_HOST = "$(BUILT_PRODUCTS_DIR)/test.app/test";
			};
			name = Debug;
		};
		11B771CA1C43387800E343A5 /* Release */ = {
			isa = XCBuildConfiguration;
			buildSettings = {
				BUNDLE_LOADER = "$(TEST_HOST)";
				FRAMEWORK_SEARCH_PATHS = (
					"$(SDKROOT)/Developer/Library/Frameworks",
					"$(inherited)",
				);
				INFOPLIST_FILE = testTests/Info.plist;
				LD_RUNPATH_SEARCH_PATHS = "$(inherited) @executable_path/Frameworks @loader_path/Frameworks";
				PRODUCT_NAME = "$(TARGET_NAME)";
				TEST_HOST = "$(BUILT_PRODUCTS_DIR)/test.app/test";
			};
			name = Release;
		};
/* End XCBuildConfiguration section */

/* Begin XCConfigurationList section */
		11B7719D1C43387800E343A5 /* Build configuration list for PBXProject "test" */ = {
			isa = XCConfigurationList;
			buildConfigurations = (
				11B771C31C43387800E343A5 /* Debug */,
				11B771C41C43387800E343A5 /* Release */,
			);
			defaultConfigurationIsVisible = 0;
			defaultConfigurationName = Release;
		};
		11B771C51C43387800E343A5 /* Build configuration list for PBXNativeTarget "test" */ = {
			isa = XCConfigurationList;
			buildConfigurations = (
				11B771C61C43387800E343A5 /* Debug */,
				11B771C71C43387800E343A5 /* Release */,
			);
			defaultConfigurationIsVisible = 0;
		};
		11B771C81C43387800E343A5 /* Build configuration list for PBXNativeTarget "testTests" */ = {
			isa = XCConfigurationList;
			buildConfigurations = (
				11B771C91C43387800E343A5 /* Debug */,
				11B771CA1C43387800E343A5 /* Release */,
			);
			defaultConfigurationIsVisible = 0;
		};
/* End XCConfigurationList section */
	};
	rootObject = 11B7719A1C43387800E343A5 /* Project object */;
}
